
Microsoft Visual Studio Solution File, Format Version 12.00
# Visual Studio Version 17
VisualStudioVersion = 17.10.34928.147
MinimumVisualStudioVersion = 10.0.40219.1
Project("{FAE04EC0-301F-11D3-BF4B-00C04F79EFBC}") = "ModelProject.WebApi", "ModelProject.WebApi.csproj", "{C47C3520-C430-4173-B2CD-0DB96AB4C499}"
EndProject
Project("{FAE04EC0-301F-11D3-BF4B-00C04F79EFBC}") = "ModelProject.Domain", "..\ModelProject.Domain\ModelProject.Domain.csproj", "{2FB0D4AA-BD43-41B3-899F-E1B9F687DDBF}"
EndProject
Project("{FAE04EC0-301F-11D3-BF4B-00C04F79EFBC}") = "ModelProject.Application", "..\ModelProject.Application\ModelProject.Application.csproj", "{26284115-673D-44E8-B70A-E822922207E5}"
EndProject
Project("{FAE04EC0-301F-11D3-BF4B-00C04F79EFBC}") = "ModelProject.Infra.Data", "..\ModelProject.Infra.Data\ModelProject.Infra.Data.csproj", "{CFCDB446-B464-49F0-A054-63674EA7C4EB}"
EndProject
Project("{FAE04EC0-301F-11D3-BF4B-00C04F79EFBC}") = "ModelProject.Infra.IoC", "..\ModelProject.Infra.IoC\ModelProject.Infra.IoC.csproj", "{0C1A9C98-AD23-47A3-BB0F-70DBBEB3462B}"
EndProject
Global
	GlobalSection(SolutionConfigurationPlatforms) = preSolution
		Debug|Any CPU = Debug|Any CPU
		Release|Any CPU = Release|Any CPU
	EndGlobalSection
	GlobalSection(ProjectConfigurationPlatforms) = postSolution
		{C47C3520-C430-4173-B2CD-0DB96AB4C499}.Debug|Any CPU.ActiveCfg = Debug|Any CPU
		{C47C3520-C430-4173-B2CD-0DB96AB4C499}.Debug|Any CPU.Build.0 = Debug|Any CPU
		{C47C3520-C430-4173-B2CD-0DB96AB4C499}.Release|Any CPU.ActiveCfg = Release|Any CPU
		{C47C3520-C430-4173-B2CD-0DB96AB4C499}.Release|Any CPU.Build.0 = Release|Any CPU
		{2FB0D4AA-BD43-41B3-899F-E1B9F687DDBF}.Debug|Any CPU.ActiveCfg = Debug|Any CPU
		{2FB0D4AA-BD43-41B3-899F-E1B9F687DDBF}.Debug|Any CPU.Build.0 = Debug|Any CPU
		{2FB0D4AA-BD43-41B3-899F-E1B9F687DDBF}.Release|Any CPU.ActiveCfg = Release|Any CPU
		{2FB0D4AA-BD43-41B3-899F-E1B9F687DDBF}.Release|Any CPU.Build.0 = Release|Any CPU
		{26284115-673D-44E8-B70A-E822922207E5}.Debug|Any CPU.ActiveCfg = Debug|Any CPU
		{26284115-673D-44E8-B70A-E822922207E5}.Debug|Any CPU.Build.0 = Debug|Any CPU
		{26284115-673D-44E8-B70A-E822922207E5}.Release|Any CPU.ActiveCfg = Release|Any CPU
		{26284115-673D-44E8-B70A-E822922207E5}.Release|Any CPU.Build.0 = Release|Any CPU
		{CFCDB446-B464-49F0-A054-63674EA7C4EB}.Debug|Any CPU.ActiveCfg = Debug|Any CPU
		{CFCDB446-B464-49F0-A054-63674EA7C4EB}.Debug|Any CPU.Build.0 = Debug|Any CPU
		{CFCDB446-B464-49F0-A054-63674EA7C4EB}.Release|Any CPU.ActiveCfg = Release|Any CPU
		{CFCDB446-B464-49F0-A054-63674EA7C4EB}.Release|Any CPU.Build.0 = Release|Any CPU
		{0C1A9C98-AD23-47A3-BB0F-70DBBEB3462B}.Debug|Any CPU.ActiveCfg = Debug|Any CPU
		{0C1A9C98-AD23-47A3-BB0F-70DBBEB3462B}.Debug|Any CPU.Build.0 = Debug|Any CPU
		{0C1A9C98-AD23-47A3-BB0F-70DBBEB3462B}.Release|Any CPU.ActiveCfg = Release|Any CPU
		{0C1A9C98-AD23-47A3-BB0F-70DBBEB3462B}.Release|Any CPU.Build.0 = Release|Any CPU
	EndGlobalSection
	GlobalSection(SolutionProperties) = preSolution
		HideSolutionNode = FALSE
	EndGlobalSection
	GlobalSection(ExtensibilityGlobals) = postSolution
		SolutionGuid = {7D19AF63-F14A-466A-9649-E5CE98922F95}
	EndGlobalSection
EndGlobal
